
Microsoft Visual Studio Solution File, Format Version 12.00
# Visual Studio Version 17
VisualStudioVersion = 17.0.32126.317
MinimumVisualStudioVersion = 10.0.40219.1
Project("{FAE04EC0-301F-11D3-BF4B-00C04F79EFBC}") = "Guest", "Guest\Guest.csproj", "{AAEDDCEA-607D-410E-9FBF-82B5CE6F2A2A}"
EndProject
Global
	GlobalSection(SolutionConfigurationPlatforms) = preSolution
		Debug|Any CPU = Debug|Any CPU
		Release|Any CPU = Release|Any CPU
	EndGlobalSection
	GlobalSection(ProjectConfigurationPlatforms) = postSolution
		{AAEDDCEA-607D-410E-9FBF-82B5CE6F2A2A}.Debug|Any CPU.ActiveCfg = Debug|Any CPU
		{AAEDDCEA-607D-410E-9FBF-82B5CE6F2A2A}.Debug|Any CPU.Build.0 = Debug|Any CPU
		{AAEDDCEA-607D-410E-9FBF-82B5CE6F2A2A}.Release|Any CPU.ActiveCfg = Release|Any CPU
		{AAEDDCEA-607D-410E-9FBF-82B5CE6F2A2A}.Release|Any CPU.Build.0 = Release|Any CPU
	EndGlobalSection
	GlobalSection(SolutionProperties) = preSolution
		HideSolutionNode = FALSE
	EndGlobalSection
	GlobalSection(ExtensibilityGlobals) = postSolution
		SolutionGuid = {B7AE891F-3835-4084-86E4-56469E920D65}
	EndGlobalSection
EndGlobal
